
Microsoft Visual Studio Solution File, Format Version 12.00
# Visual Studio Version 16
VisualStudioVersion = 16.0.31019.35
MinimumVisualStudioVersion = 10.0.40219.1
Project("{9A19103F-16F7-4668-BE54-9A1E7A4F7556}") = "Dept Test", "Dept Test\Dept Test.csproj", "{600E60AF-0B31-4CE9-875C-D1952738E495}"
EndProject
Project("{FAE04EC0-301F-11D3-BF4B-00C04F79EFBC}") = "UnitTests", "UnitTests\UnitTests.csproj", "{7269F42C-DFDB-4D21-A285-D5FFA334E94B}"
EndProject
Global
	GlobalSection(SolutionConfigurationPlatforms) = preSolution
		Debug|Any CPU = Debug|Any CPU
		Release|Any CPU = Release|Any CPU
	EndGlobalSection
	GlobalSection(ProjectConfigurationPlatforms) = postSolution
		{600E60AF-0B31-4CE9-875C-D1952738E495}.Debug|Any CPU.ActiveCfg = Debug|Any CPU
		{600E60AF-0B31-4CE9-875C-D1952738E495}.Debug|Any CPU.Build.0 = Debug|Any CPU
		{600E60AF-0B31-4CE9-875C-D1952738E495}.Release|Any CPU.ActiveCfg = Release|Any CPU
		{600E60AF-0B31-4CE9-875C-D1952738E495}.Release|Any CPU.Build.0 = Release|Any CPU
		{7269F42C-DFDB-4D21-A285-D5FFA334E94B}.Debug|Any CPU.ActiveCfg = Debug|Any CPU
		{7269F42C-DFDB-4D21-A285-D5FFA334E94B}.Debug|Any CPU.Build.0 = Debug|Any CPU
		{7269F42C-DFDB-4D21-A285-D5FFA334E94B}.Release|Any CPU.ActiveCfg = Release|Any CPU
		{7269F42C-DFDB-4D21-A285-D5FFA334E94B}.Release|Any CPU.Build.0 = Release|Any CPU
	EndGlobalSection
	GlobalSection(SolutionProperties) = preSolution
		HideSolutionNode = FALSE
	EndGlobalSection
	GlobalSection(ExtensibilityGlobals) = postSolution
		SolutionGuid = {F5A206D3-8AF2-43C3-BABC-353F50678E6E}
	EndGlobalSection
EndGlobal
